schema: wm3d_v7_native5b_raw_sources_lock_v1
snapshot_date: "2026-08-04"
sources:
  aloha_smoke:
    repo_id: lerobot/aloha_sim_insertion_human
    repo_type: dataset
    revision: cc571a3c661df81b566dbfde3d5c1e85fcdf7884
    gated: false
    license_id: MIT
    target_subdir: aloha_smoke
    materialization: lerobot_root
    planning_hours: 0.1388888889
    allow_patterns:
      - README.md
      - meta/**
      - data/**
      - videos/**
    ignore_patterns: []
notes:
  - 该数据仅用于公开 smoke，不进入正式训练配方。
  - revision 固定到 50 episodes、25000 frames 的公开快照。
